{
  "requires": true,
  "lockfileVersion": 1,
  "dependencies": {
    "mini.css": {
      "version": "3.0.1",
      "resolved": "https://registry.npmjs.org/mini.css/-/mini.css-3.0.1.tgz",
      "integrity": "sha512-FmuuBL0wuyDO1UA66TkAo8w2RxxuHmNPaUqUHcYlHtM9CJkrscQaNAJ/ParEahYFwtZOSgfEA7flbMoSPkzrPA=="
    },
    "mithril": {
      "version": "2.0.4",
      "resolved": "https://registry.npmjs.org/mithril/-/mithril-2.0.4.tgz",
      "integrity": "sha512-mgw+DMZlhMS4PpprF6dl7ZoeZq5GGcAuWnrg5e12MvaGauc4jzWsDZtVGRCktsiQczOEUr2K5teKbE5k44RlOg=="
    },
    "tagl": {
      "version": "1.1.2",
      "resolved": "https://registry.npmjs.org/tagl/-/tagl-1.1.2.tgz",
      "integrity": "sha512-Yci/R5hIOFVpBeXf6fOuxQSwtt+fgyl8bzi+ze2gvGmeFMxSJAARLG3d+2G2UIQOqkXvrA22UbGkNmFxBmOd9g=="
    },
    "tagl-mithril": {
      "version": "1.2.2",
      "resolved": "https://registry.npmjs.org/tagl-mithril/-/tagl-mithril-1.2.2.tgz",
      "integrity": "sha512-LcQFwbsQR4A/vfN1knz3eq1GylUib8Qu/YN2oejSGI7hwiZiiNolUpoZW7bGlG6rvSD13cjTZrThSfCUCWeG9A==",
      "requires": {
        "mithril": "^2.0.4",
        "tagl": "^1.1.2"
      }
    },
    "typo-js": {
      "version": "1.1.0",
      "resolved": "https://registry.npmjs.org/typo-js/-/typo-js-1.1.0.tgz",
      "integrity": "sha512-W3kLbx+ML9PBl5Bzso/lTvVxk4BCveSNAtQeht59FEtxCdGThmn6wSHA4Xq3eQYAK24NHdisMM4JmsK0GFy/pg=="
    }
  }
}
